
Microsoft Visual Studio Solution File, Format Version 12.00
# Visual Studio Version 17
VisualStudioVersion = 17.14.36518.9
MinimumVisualStudioVersion = 10.0.40219.1
Project("{2150E333-8FDC-42A3-9474-1A3956D46DE8}") = "Task0", "Task0", "{36D591C7-65C7-A0D1-1CBC-10CDE441BDC8}"
EndProject
Project("{FAE04EC0-301F-11D3-BF4B-00C04F79EFBC}") = "Tyuiu.BarabashMI.Sprint5.Task0.V15", "Tyuiu.BarabashMI.Sprint5.Task0.V15\Tyuiu.BarabashMI.Sprint5.Task0.V15.csproj", "{B1F33CDE-1D03-40BA-95FE-4185435312ED}"
EndProject
Project("{FAE04EC0-301F-11D3-BF4B-00C04F79EFBC}") = "Tyuiu.BarabashMI.Sprint5.Task0.V15.Lib", "Tyuiu.BarabashMI.Sprint5.Task0.V15.Lib\Tyuiu.BarabashMI.Sprint5.Task0.V15.Lib.csproj", "{C2427F02-8C2D-4DF8-8AA0-939839037641}"
EndProject
Project("{FAE04EC0-301F-11D3-BF4B-00C04F79EFBC}") = "Tyuiu.BarabashMI.Sprint5.Task0.V15.Test", "Tyuiu.BarabashMI.Sprint5.Task0.V15.Test\Tyuiu.BarabashMI.Sprint5.Task0.V15.Test.csproj", "{30962DCF-8A93-410B-A18B-6D51011F3562}"
EndProject
Project("{2150E333-8FDC-42A3-9474-1A3956D46DE8}") = "Task1", "Task1", "{67D55C78-EF59-488D-9B42-8BBEEC284212}"
EndProject
Project("{FAE04EC0-301F-11D3-BF4B-00C04F79EFBC}") = "Tyuiu.BarabashMI.Sprint5.Task1.V18", "Tyuiu.BarabashMI.Sprint5.Task1.V18\Tyuiu.BarabashMI.Sprint5.Task1.V18.csproj", "{A236E84D-59A4-4763-A181-E50D191E9B34}"
EndProject
Project("{FAE04EC0-301F-11D3-BF4B-00C04F79EFBC}") = "Tyuiu.BarabashMI.Sprint5.Task1.V18.Lib", "Tyuiu.BarabashMI.Sprint5.Task1.V18.Lib\Tyuiu.BarabashMI.Sprint5.Task1.V18.Lib.csproj", "{D5DD3D44-F922-4B3C-BE71-8658DDDD16A4}"
EndProject
Project("{FAE04EC0-301F-11D3-BF4B-00C04F79EFBC}") = "Tyuiu.BarabashMI.Sprint5.Task1.V18.Test", "Tyuiu.BarabashMI.Sprint5.Task1.V18.Test\Tyuiu.BarabashMI.Sprint5.Task1.V18.Test.csproj", "{9E75AC66-8481-428B-9F7B-F2900AC5E805}"
EndProject
Project("{2150E333-8FDC-42A3-9474-1A3956D46DE8}") = "Task2", "Task2", "{BD01AB07-5E9B-42F1-9857-70EF682FC2D5}"
EndProject
Project("{FAE04EC0-301F-11D3-BF4B-00C04F79EFBC}") = "Tyuiu.BarabashMI.Sprint5.Task2.V7", "Tyuiu.BarabashMI.Sprint5.Task2.V7\Tyuiu.BarabashMI.Sprint5.Task2.V7.csproj", "{1705397A-5FFD-4F1D-8708-04305202439D}"
EndProject
Project("{FAE04EC0-301F-11D3-BF4B-00C04F79EFBC}") = "Tyuiu.BarabashMI.Sprint5.Task2.V7.Lib", "Tyuiu.BarabashMI.Sprint5.Task2.V7.Lib\Tyuiu.BarabashMI.Sprint5.Task2.V7.Lib.csproj", "{AA960986-2A53-4867-94B1-C15AD9893457}"
EndProject
Project("{FAE04EC0-301F-11D3-BF4B-00C04F79EFBC}") = "Tyuiu.BarabashMI.Sprint5.Task2.V7.Test", "Tyuiu.BarabashMI.Sprint5.Task2.V7.Test\Tyuiu.BarabashMI.Sprint5.Task2.V7.Test.csproj", "{D1832113-82C1-4E2C-B9F7-2914BA82C991}"
EndProject
Project("{2150E333-8FDC-42A3-9474-1A3956D46DE8}") = "Task3", "Task3", "{737D07BD-956F-4994-B3AA-10CF18B8FFDA}"
EndProject
Project("{FAE04EC0-301F-11D3-BF4B-00C04F79EFBC}") = "Tyuiu.BarabashMI.Sprint5.Task3.V10", "Tyuiu.BarabashMI.Sprint5.Task3.V10\Tyuiu.BarabashMI.Sprint5.Task3.V10.csproj", "{631F04AD-8180-40D3-AD70-561C422ABA5C}"
EndProject
Project("{FAE04EC0-301F-11D3-BF4B-00C04F79EFBC}") = "Tyuiu.BarabashMI.Sprint5.Task3.V10.Lib", "Tyuiu.BarabashMI.Sprint5.Task3.V10.Lib\Tyuiu.BarabashMI.Sprint5.Task3.V10.Lib.csproj", "{152D9F83-1F04-4695-90F9-F12EDE6EAF95}"
EndProject
Project("{FAE04EC0-301F-11D3-BF4B-00C04F79EFBC}") = "Tyuiu.BarabashMI.Sprint5.Task3.V10.Test", "Tyuiu.BarabashMI.Sprint5.Task3.V10.Test\Tyuiu.BarabashMI.Sprint5.Task3.V10.Test.csproj", "{DDFC8E5D-35A2-4DD0-B912-BB5DE6F410A5}"
EndProject
Project("{2150E333-8FDC-42A3-9474-1A3956D46DE8}") = "Task4", "Task4", "{6A555AC8-2F4E-452D-9F62-B8931610F92A}"
EndProject
Project("{FAE04EC0-301F-11D3-BF4B-00C04F79EFBC}") = "Tyuiu.BarabashMI.Sprint5.Task4.V8", "Tyuiu.BarabashMI.Sprint5.Task4.V8\Tyuiu.BarabashMI.Sprint5.Task4.V8.csproj", "{972358BD-015A-411E-8AB9-4C2CA548B641}"
EndProject
Project("{FAE04EC0-301F-11D3-BF4B-00C04F79EFBC}") = "Tyuiu.BarabashMI.Sprint5.Task4.V8.Lib", "Tyuiu.BarabashMI.Sprint5.Task4.V8.Lib\Tyuiu.BarabashMI.Sprint5.Task4.V8.Lib.csproj", "{4B8D6BF9-E4C1-43BE-9A1B-04A69A0A7EAC}"
EndProject
Project("{FAE04EC0-301F-11D3-BF4B-00C04F79EFBC}") = "Tyuiu.BarabashMI.Sprint5.Task4.V8.Test", "Tyuiu.BarabashMI.Sprint5.Task4.V8.Test\Tyuiu.BarabashMI.Sprint5.Task4.V8.Test.csproj", "{73EABE6D-0AC1-4172-AC8A-514750C8B1B9}"
EndProject
Project("{2150E333-8FDC-42A3-9474-1A3956D46DE8}") = "Task5", "Task5", "{3F79F73E-87B0-40E9-8EF5-5FB38485FEDE}"
EndProject
Project("{FAE04EC0-301F-11D3-BF4B-00C04F79EFBC}") = "Tyuiu.BarabashMI.Sprint5.Task5.V20", "Tyuiu.BarabashMI.Sprint5.Task5.V20\Tyuiu.BarabashMI.Sprint5.Task5.V20.csproj", "{8B471D43-6A7A-4688-AE85-1890C8A602BF}"
EndProject
Project("{FAE04EC0-301F-11D3-BF4B-00C04F79EFBC}") = "Tyuiu.BarabashMI.Sprint5.Task5.V20.Lib", "Tyuiu.BarabashMI.Sprint5.Task5.V20.Lib\Tyuiu.BarabashMI.Sprint5.Task5.V20.Lib.csproj", "{C0181CFC-98C8-450B-B873-C50B8879973E}"
EndProject
Project("{FAE04EC0-301F-11D3-BF4B-00C04F79EFBC}") = "Tyuiu.BarabashMI.Sprint5.Task5.V20.Test", "Tyuiu.BarabashMI.Sprint5.Task5.V20.Test\Tyuiu.BarabashMI.Sprint5.Task5.V20.Test.csproj", "{56BE077B-1BC7-4F6D-A1A6-CCD08B881A9B}"
EndProject
Project("{2150E333-8FDC-42A3-9474-1A3956D46DE8}") = "Task6", "Task6", "{C19F6704-6000-4741-B89F-FC24EDB3E0C3}"
EndProject
Project("{FAE04EC0-301F-11D3-BF4B-00C04F79EFBC}") = "Tyuiu.BarabashMI.Sprint5.Task6.V30", "Tyuiu.BarabashMI.Sprint5.Task6.V30\Tyuiu.BarabashMI.Sprint5.Task6.V30.csproj", "{DBA655D8-41FB-4CF1-A4D9-FA47794DD5F4}"
EndProject
Project("{FAE04EC0-301F-11D3-BF4B-00C04F79EFBC}") = "Tyuiu.BarabashMI.Sprint5.Task6.V30.Lib", "Tyuiu.BarabashMI.Sprint5.Task6.V30.Lib\Tyuiu.BarabashMI.Sprint5.Task6.V30.Lib.csproj", "{12A5648E-F6FA-4EFC-AE5E-700DDD0DDAA4}"
EndProject
Project("{FAE04EC0-301F-11D3-BF4B-00C04F79EFBC}") = "Tyuiu.BarabashMI.Sprint5.Task6.V30.Test", "Tyuiu.BarabashMI.Sprint5.Task6.V30.Test\Tyuiu.BarabashMI.Sprint5.Task6.V30.Test.csproj", "{132AAEA0-C4AE-4A22-A5B8-19BD46325827}"
EndProject
Global
	GlobalSection(SolutionConfigurationPlatforms) = preSolution
		Debug|Any CPU = Debug|Any CPU
		Release|Any CPU = Release|Any CPU
	EndGlobalSection
	GlobalSection(ProjectConfigurationPlatforms) = postSolution
		{B1F33CDE-1D03-40BA-95FE-4185435312ED}.Debug|Any CPU.ActiveCfg = Debug|Any CPU
		{B1F33CDE-1D03-40BA-95FE-4185435312ED}.Debug|Any CPU.Build.0 = Debug|Any CPU
		{B1F33CDE-1D03-40BA-95FE-4185435312ED}.Release|Any CPU.ActiveCfg = Release|Any CPU
		{B1F33CDE-1D03-40BA-95FE-4185435312ED}.Release|Any CPU.Build.0 = Release|Any CPU
		{C2427F02-8C2D-4DF8-8AA0-939839037641}.Debug|Any CPU.ActiveCfg = Debug|Any CPU
		{C2427F02-8C2D-4DF8-8AA0-939839037641}.Debug|Any CPU.Build.0 = Debug|Any CPU
		{C2427F02-8C2D-4DF8-8AA0-939839037641}.Release|Any CPU.ActiveCfg = Release|Any CPU
		{C2427F02-8C2D-4DF8-8AA0-939839037641}.Release|Any CPU.Build.0 = Release|Any CPU
		{30962DCF-8A93-410B-A18B-6D51011F3562}.Debug|Any CPU.ActiveCfg = Debug|Any CPU
		{30962DCF-8A93-410B-A18B-6D51011F3562}.Debug|Any CPU.Build.0 = Debug|Any CPU
		{30962DCF-8A93-410B-A18B-6D51011F3562}.Release|Any CPU.ActiveCfg = Release|Any CPU
		{30962DCF-8A93-410B-A18B-6D51011F3562}.Release|Any CPU.Build.0 = Release|Any CPU
		{A236E84D-59A4-4763-A181-E50D191E9B34}.Debug|Any CPU.ActiveCfg = Debug|Any CPU
		{A236E84D-59A4-4763-A181-E50D191E9B34}.Debug|Any CPU.Build.0 = Debug|Any CPU
		{A236E84D-59A4-4763-A181-E50D191E9B34}.Release|Any CPU.ActiveCfg = Release|Any CPU
		{A236E84D-59A4-4763-A181-E50D191E9B34}.Release|Any CPU.Build.0 = Release|Any CPU
		{D5DD3D44-F922-4B3C-BE71-8658DDDD16A4}.Debug|Any CPU.ActiveCfg = Debug|Any CPU
		{D5DD3D44-F922-4B3C-BE71-8658DDDD16A4}.Debug|Any CPU.Build.0 = Debug|Any CPU
		{D5DD3D44-F922-4B3C-BE71-8658DDDD16A4}.Release|Any CPU.ActiveCfg = Release|Any CPU
		{D5DD3D44-F922-4B3C-BE71-8658DDDD16A4}.Release|Any CPU.Build.0 = Release|Any CPU
		{9E75AC66-8481-428B-9F7B-F2900AC5E805}.Debug|Any CPU.ActiveCfg = Debug|Any CPU
		{9E75AC66-8481-428B-9F7B-F2900AC5E805}.Debug|Any CPU.Build.0 = Debug|Any CPU
		{9E75AC66-8481-428B-9F7B-F2900AC5E805}.Release|Any CPU.ActiveCfg = Release|Any CPU
		{9E75AC66-8481-428B-9F7B-F2900AC5E805}.Release|Any CPU.Build.0 = Release|Any CPU
		{1705397A-5FFD-4F1D-8708-04305202439D}.Debug|Any CPU.ActiveCfg = Debug|Any CPU
		{1705397A-5FFD-4F1D-8708-04305202439D}.Debug|Any CPU.Build.0 = Debug|Any CPU
		{1705397A-5FFD-4F1D-8708-04305202439D}.Release|Any CPU.ActiveCfg = Release|Any CPU
		{1705397A-5FFD-4F1D-8708-04305202439D}.Release|Any CPU.Build.0 = Release|Any CPU
		{AA960986-2A53-4867-94B1-C15AD9893457}.Debug|Any CPU.ActiveCfg = Debug|Any CPU
		{AA960986-2A53-4867-94B1-C15AD9893457}.Debug|Any CPU.Build.0 = Debug|Any CPU
		{AA960986-2A53-4867-94B1-C15AD9893457}.Release|Any CPU.ActiveCfg = Release|Any CPU
		{AA960986-2A53-4867-94B1-C15AD9893457}.Release|Any CPU.Build.0 = Release|Any CPU
		{D1832113-82C1-4E2C-B9F7-2914BA82C991}.Debug|Any CPU.ActiveCfg = Debug|Any CPU
		{D1832113-82C1-4E2C-B9F7-2914BA82C991}.Debug|Any CPU.Build.0 = Debug|Any CPU
		{D1832113-82C1-4E2C-B9F7-2914BA82C991}.Release|Any CPU.ActiveCfg = Release|Any CPU
		{D1832113-82C1-4E2C-B9F7-2914BA82C991}.Release|Any CPU.Build.0 = Release|Any CPU
		{631F04AD-8180-40D3-AD70-561C422ABA5C}.Debug|Any CPU.ActiveCfg = Debug|Any CPU
		{631F04AD-8180-40D3-AD70-561C422ABA5C}.Debug|Any CPU.Build.0 = Debug|Any CPU
		{631F04AD-8180-40D3-AD70-561C422ABA5C}.Release|Any CPU.ActiveCfg = Release|Any CPU
		{631F04AD-8180-40D3-AD70-561C422ABA5C}.Release|Any CPU.Build.0 = Release|Any CPU
		{152D9F83-1F04-4695-90F9-F12EDE6EAF95}.Debug|Any CPU.ActiveCfg = Debug|Any CPU
		{152D9F83-1F04-4695-90F9-F12EDE6EAF95}.Debug|Any CPU.Build.0 = Debug|Any CPU
		{152D9F83-1F04-4695-90F9-F12EDE6EAF95}.Release|Any CPU.ActiveCfg = Release|Any CPU
		{152D9F83-1F04-4695-90F9-F12EDE6EAF95}.Release|Any CPU.Build.0 = Release|Any CPU
		{DDFC8E5D-35A2-4DD0-B912-BB5DE6F410A5}.Debug|Any CPU.ActiveCfg = Debug|Any CPU
		{DDFC8E5D-35A2-4DD0-B912-BB5DE6F410A5}.Debug|Any CPU.Build.0 = Debug|Any CPU
		{DDFC8E5D-35A2-4DD0-B912-BB5DE6F410A5}.Release|Any CPU.ActiveCfg = Release|Any CPU
		{DDFC8E5D-35A2-4DD0-B912-BB5DE6F410A5}.Release|Any CPU.Build.0 = Release|Any CPU
		{972358BD-015A-411E-8AB9-4C2CA548B641}.Debug|Any CPU.ActiveCfg = Debug|Any CPU
		{972358BD-015A-411E-8AB9-4C2CA548B641}.Debug|Any CPU.Build.0 = Debug|Any CPU
		{972358BD-015A-411E-8AB9-4C2CA548B641}.Release|Any CPU.ActiveCfg = Release|Any CPU
		{972358BD-015A-411E-8AB9-4C2CA548B641}.Release|Any CPU.Build.0 = Release|Any CPU
		{4B8D6BF9-E4C1-43BE-9A1B-04A69A0A7EAC}.Debug|Any CPU.ActiveCfg = Debug|Any CPU
		{4B8D6BF9-E4C1-43BE-9A1B-04A69A0A7EAC}.Debug|Any CPU.Build.0 = Debug|Any CPU
		{4B8D6BF9-E4C1-43BE-9A1B-04A69A0A7EAC}.Release|Any CPU.ActiveCfg = Release|Any CPU
		{4B8D6BF9-E4C1-43BE-9A1B-04A69A0A7EAC}.Release|Any CPU.Build.0 = Release|Any CPU
		{73EABE6D-0AC1-4172-AC8A-514750C8B1B9}.Debug|Any CPU.ActiveCfg = Debug|Any CPU
		{73EABE6D-0AC1-4172-AC8A-514750C8B1B9}.Debug|Any CPU.Build.0 = Debug|Any CPU
		{73EABE6D-0AC1-4172-AC8A-514750C8B1B9}.Release|Any CPU.ActiveCfg = Release|Any CPU
		{73EABE6D-0AC1-4172-AC8A-514750C8B1B9}.Release|Any CPU.Build.0 = Release|Any CPU
		{8B471D43-6A7A-4688-AE85-1890C8A602BF}.Debug|Any CPU.ActiveCfg = Debug|Any CPU
		{8B471D43-6A7A-4688-AE85-1890C8A602BF}.Debug|Any CPU.Build.0 = Debug|Any CPU
		{8B471D43-6A7A-4688-AE85-1890C8A602BF}.Release|Any CPU.ActiveCfg = Release|Any CPU
		{8B471D43-6A7A-4688-AE85-1890C8A602BF}.Release|Any CPU.Build.0 = Release|Any CPU
		{C0181CFC-98C8-450B-B873-C50B8879973E}.Debug|Any CPU.ActiveCfg = Debug|Any CPU
		{C0181CFC-98C8-450B-B873-C50B8879973E}.Debug|Any CPU.Build.0 = Debug|Any CPU
		{C0181CFC-98C8-450B-B873-C50B8879973E}.Release|Any CPU.ActiveCfg = Release|Any CPU
		{C0181CFC-98C8-450B-B873-C50B8879973E}.Release|Any CPU.Build.0 = Release|Any CPU
		{56BE077B-1BC7-4F6D-A1A6-CCD08B881A9B}.Debug|Any CPU.ActiveCfg = Debug|Any CPU
		{56BE077B-1BC7-4F6D-A1A6-CCD08B881A9B}.Debug|Any CPU.Build.0 = Debug|Any CPU
		{56BE077B-1BC7-4F6D-A1A6-CCD08B881A9B}.Release|Any CPU.ActiveCfg = Release|Any CPU
		{56BE077B-1BC7-4F6D-A1A6-CCD08B881A9B}.Release|Any CPU.Build.0 = Release|Any CPU
		{DBA655D8-41FB-4CF1-A4D9-FA47794DD5F4}.Debug|Any CPU.ActiveCfg = Debug|Any CPU
		{DBA655D8-41FB-4CF1-A4D9-FA47794DD5F4}.Debug|Any CPU.Build.0 = Debug|Any CPU
		{DBA655D8-41FB-4CF1-A4D9-FA47794DD5F4}.Release|Any CPU.ActiveCfg = Release|Any CPU
		{DBA655D8-41FB-4CF1-A4D9-FA47794DD5F4}.Release|Any CPU.Build.0 = Release|Any CPU
		{12A5648E-F6FA-4EFC-AE5E-700DDD0DDAA4}.Debug|Any CPU.ActiveCfg = Debug|Any CPU
		{12A5648E-F6FA-4EFC-AE5E-700DDD0DDAA4}.Debug|Any CPU.Build.0 = Debug|Any CPU
		{12A5648E-F6FA-4EFC-AE5E-700DDD0DDAA4}.Release|Any CPU.ActiveCfg = Release|Any CPU
		{12A5648E-F6FA-4EFC-AE5E-700DDD0DDAA4}.Release|Any CPU.Build.0 = Release|Any CPU
		{132AAEA0-C4AE-4A22-A5B8-19BD46325827}.Debug|Any CPU.ActiveCfg = Debug|Any CPU
		{132AAEA0-C4AE-4A22-A5B8-19BD46325827}.Debug|Any CPU.Build.0 = Debug|Any CPU
		{132AAEA0-C4AE-4A22-A5B8-19BD46325827}.Release|Any CPU.ActiveCfg = Release|Any CPU
		{132AAEA0-C4AE-4A22-A5B8-19BD46325827}.Release|Any CPU.Build.0 = Release|Any CPU
	EndGlobalSection
	GlobalSection(SolutionProperties) = preSolution
		HideSolutionNode = FALSE
	EndGlobalSection
	GlobalSection(NestedProjects) = preSolution
		{B1F33CDE-1D03-40BA-95FE-4185435312ED} = {36D591C7-65C7-A0D1-1CBC-10CDE441BDC8}
		{C2427F02-8C2D-4DF8-8AA0-939839037641} = {36D591C7-65C7-A0D1-1CBC-10CDE441BDC8}
		{30962DCF-8A93-410B-A18B-6D51011F3562} = {36D591C7-65C7-A0D1-1CBC-10CDE441BDC8}
		{A236E84D-59A4-4763-A181-E50D191E9B34} = {67D55C78-EF59-488D-9B42-8BBEEC284212}
		{D5DD3D44-F922-4B3C-BE71-8658DDDD16A4} = {67D55C78-EF59-488D-9B42-8BBEEC284212}
		{9E75AC66-8481-428B-9F7B-F2900AC5E805} = {67D55C78-EF59-488D-9B42-8BBEEC284212}
		{1705397A-5FFD-4F1D-8708-04305202439D} = {BD01AB07-5E9B-42F1-9857-70EF682FC2D5}
		{AA960986-2A53-4867-94B1-C15AD9893457} = {BD01AB07-5E9B-42F1-9857-70EF682FC2D5}
		{D1832113-82C1-4E2C-B9F7-2914BA82C991} = {BD01AB07-5E9B-42F1-9857-70EF682FC2D5}
		{631F04AD-8180-40D3-AD70-561C422ABA5C} = {737D07BD-956F-4994-B3AA-10CF18B8FFDA}
		{152D9F83-1F04-4695-90F9-F12EDE6EAF95} = {737D07BD-956F-4994-B3AA-10CF18B8FFDA}
		{DDFC8E5D-35A2-4DD0-B912-BB5DE6F410A5} = {737D07BD-956F-4994-B3AA-10CF18B8FFDA}
		{972358BD-015A-411E-8AB9-4C2CA548B641} = {6A555AC8-2F4E-452D-9F62-B8931610F92A}
		{4B8D6BF9-E4C1-43BE-9A1B-04A69A0A7EAC} = {6A555AC8-2F4E-452D-9F62-B8931610F92A}
		{73EABE6D-0AC1-4172-AC8A-514750C8B1B9} = {6A555AC8-2F4E-452D-9F62-B8931610F92A}
		{8B471D43-6A7A-4688-AE85-1890C8A602BF} = {3F79F73E-87B0-40E9-8EF5-5FB38485FEDE}
		{C0181CFC-98C8-450B-B873-C50B8879973E} = {3F79F73E-87B0-40E9-8EF5-5FB38485FEDE}
		{56BE077B-1BC7-4F6D-A1A6-CCD08B881A9B} = {3F79F73E-87B0-40E9-8EF5-5FB38485FEDE}
		{DBA655D8-41FB-4CF1-A4D9-FA47794DD5F4} = {C19F6704-6000-4741-B89F-FC24EDB3E0C3}
		{12A5648E-F6FA-4EFC-AE5E-700DDD0DDAA4} = {C19F6704-6000-4741-B89F-FC24EDB3E0C3}
		{132AAEA0-C4AE-4A22-A5B8-19BD46325827} = {C19F6704-6000-4741-B89F-FC24EDB3E0C3}
	EndGlobalSection
	GlobalSection(ExtensibilityGlobals) = postSolution
		SolutionGuid = {E7D75B49-393E-4499-AA8E-3DEE1A1084ED}
	EndGlobalSection
EndGlobal
