
Microsoft Visual Studio Solution File, Format Version 12.00
# Visual Studio Version 17
VisualStudioVersion = 17.14.36518.9 d17.14
MinimumVisualStudioVersion = 10.0.40219.1
Project("{2150E333-8FDC-42A3-9474-1A3956D46DE8}") = "Task0", "Task0", "{36D591C7-65C7-A0D1-1CBC-10CDE441BDC8}"
EndProject
Project("{FAE04EC0-301F-11D3-BF4B-00C04F79EFBC}") = "Tyuiu.BarabashMI.Sprint5.Task0.V15", "Tyuiu.BarabashMI.Sprint5.Task0.V15\Tyuiu.BarabashMI.Sprint5.Task0.V15.csproj", "{B1F33CDE-1D03-40BA-95FE-4185435312ED}"
EndProject
Project("{FAE04EC0-301F-11D3-BF4B-00C04F79EFBC}") = "Tyuiu.BarabashMI.Sprint5.Task0.V15.Lib", "Tyuiu.BarabashMI.Sprint5.Task0.V15.Lib\Tyuiu.BarabashMI.Sprint5.Task0.V15.Lib.csproj", "{C2427F02-8C2D-4DF8-8AA0-939839037641}"
EndProject
Project("{FAE04EC0-301F-11D3-BF4B-00C04F79EFBC}") = "Tyuiu.BarabashMI.Sprint5.Task0.V15.Test", "Tyuiu.BarabashMI.Sprint5.Task0.V15.Test\Tyuiu.BarabashMI.Sprint5.Task0.V15.Test.csproj", "{30962DCF-8A93-410B-A18B-6D51011F3562}"
EndProject
Global
	GlobalSection(SolutionConfigurationPlatforms) = preSolution
		Debug|Any CPU = Debug|Any CPU
		Release|Any CPU = Release|Any CPU
	EndGlobalSection
	GlobalSection(ProjectConfigurationPlatforms) = postSolution
		{B1F33CDE-1D03-40BA-95FE-4185435312ED}.Debug|Any CPU.ActiveCfg = Debug|Any CPU
		{B1F33CDE-1D03-40BA-95FE-4185435312ED}.Debug|Any CPU.Build.0 = Debug|Any CPU
		{B1F33CDE-1D03-40BA-95FE-4185435312ED}.Release|Any CPU.ActiveCfg = Release|Any CPU
		{B1F33CDE-1D03-40BA-95FE-4185435312ED}.Release|Any CPU.Build.0 = Release|Any CPU
		{C2427F02-8C2D-4DF8-8AA0-939839037641}.Debug|Any CPU.ActiveCfg = Debug|Any CPU
		{C2427F02-8C2D-4DF8-8AA0-939839037641}.Debug|Any CPU.Build.0 = Debug|Any CPU
		{C2427F02-8C2D-4DF8-8AA0-939839037641}.Release|Any CPU.ActiveCfg = Release|Any CPU
		{C2427F02-8C2D-4DF8-8AA0-939839037641}.Release|Any CPU.Build.0 = Release|Any CPU
		{30962DCF-8A93-410B-A18B-6D51011F3562}.Debug|Any CPU.ActiveCfg = Debug|Any CPU
		{30962DCF-8A93-410B-A18B-6D51011F3562}.Debug|Any CPU.Build.0 = Debug|Any CPU
		{30962DCF-8A93-410B-A18B-6D51011F3562}.Release|Any CPU.ActiveCfg = Release|Any CPU
		{30962DCF-8A93-410B-A18B-6D51011F3562}.Release|Any CPU.Build.0 = Release|Any CPU
	EndGlobalSection
	GlobalSection(SolutionProperties) = preSolution
		HideSolutionNode = FALSE
	EndGlobalSection
	GlobalSection(NestedProjects) = preSolution
		{B1F33CDE-1D03-40BA-95FE-4185435312ED} = {36D591C7-65C7-A0D1-1CBC-10CDE441BDC8}
		{C2427F02-8C2D-4DF8-8AA0-939839037641} = {36D591C7-65C7-A0D1-1CBC-10CDE441BDC8}
		{30962DCF-8A93-410B-A18B-6D51011F3562} = {36D591C7-65C7-A0D1-1CBC-10CDE441BDC8}
	EndGlobalSection
	GlobalSection(ExtensibilityGlobals) = postSolution
		SolutionGuid = {E7D75B49-393E-4499-AA8E-3DEE1A1084ED}
	EndGlobalSection
EndGlobal
